
Microsoft Visual Studio Solution File, Format Version 12.00
# Visual Studio Version 17
VisualStudioVersion = 17.0.31903.59
MinimumVisualStudioVersion = 10.0.40219.1
Project("{FAE04EC0-301F-11D3-BF4B-00C04F79EFBC}") = "Restaurants.API", "Restaurants.API\Restaurants.API.csproj", "{496C6D9C-916A-448F-BF73-432A2A823A8F}"
EndProject
Project("{FAE04EC0-301F-11D3-BF4B-00C04F79EFBC}") = "Restaurants.Domain", "Restaurants.Domain\Restaurants.Domain.csproj", "{AD929DFC-FD0A-4130-8FCE-6F5E22F5281D}"
EndProject
Project("{FAE04EC0-301F-11D3-BF4B-00C04F79EFBC}") = "Restaurants.Application", "Restaurants.Application\Restaurants.Application.csproj", "{9938F5A6-6660-42D1-B337-5699FC32BC64}"
EndProject
Project("{FAE04EC0-301F-11D3-BF4B-00C04F79EFBC}") = "Restaurants.Infrastructure", "Restaurants.Infrastructure\Restaurants.Infrastructure.csproj", "{2CCC9061-4CCF-445B-96AB-5D830C5A5E4D}"
EndProject
Global
	GlobalSection(SolutionConfigurationPlatforms) = preSolution
		Debug|Any CPU = Debug|Any CPU
		Debug|x64 = Debug|x64
		Debug|x86 = Debug|x86
		Release|Any CPU = Release|Any CPU
		Release|x64 = Release|x64
		Release|x86 = Release|x86
	EndGlobalSection
	GlobalSection(ProjectConfigurationPlatforms) = postSolution
		{496C6D9C-916A-448F-BF73-432A2A823A8F}.Debug|Any CPU.ActiveCfg = Debug|Any CPU
		{496C6D9C-916A-448F-BF73-432A2A823A8F}.Debug|Any CPU.Build.0 = Debug|Any CPU
		{496C6D9C-916A-448F-BF73-432A2A823A8F}.Debug|x64.ActiveCfg = Debug|Any CPU
		{496C6D9C-916A-448F-BF73-432A2A823A8F}.Debug|x64.Build.0 = Debug|Any CPU
		{496C6D9C-916A-448F-BF73-432A2A823A8F}.Debug|x86.ActiveCfg = Debug|Any CPU
		{496C6D9C-916A-448F-BF73-432A2A823A8F}.Debug|x86.Build.0 = Debug|Any CPU
		{496C6D9C-916A-448F-BF73-432A2A823A8F}.Release|Any CPU.ActiveCfg = Release|Any CPU
		{496C6D9C-916A-448F-BF73-432A2A823A8F}.Release|Any CPU.Build.0 = Release|Any CPU
		{496C6D9C-916A-448F-BF73-432A2A823A8F}.Release|x64.ActiveCfg = Release|Any CPU
		{496C6D9C-916A-448F-BF73-432A2A823A8F}.Release|x64.Build.0 = Release|Any CPU
		{496C6D9C-916A-448F-BF73-432A2A823A8F}.Release|x86.ActiveCfg = Release|Any CPU
		{496C6D9C-916A-448F-BF73-432A2A823A8F}.Release|x86.Build.0 = Release|Any CPU
		{AD929DFC-FD0A-4130-8FCE-6F5E22F5281D}.Debug|Any CPU.ActiveCfg = Debug|Any CPU
		{AD929DFC-FD0A-4130-8FCE-6F5E22F5281D}.Debug|Any CPU.Build.0 = Debug|Any CPU
		{AD929DFC-FD0A-4130-8FCE-6F5E22F5281D}.Debug|x64.ActiveCfg = Debug|Any CPU
		{AD929DFC-FD0A-4130-8FCE-6F5E22F5281D}.Debug|x64.Build.0 = Debug|Any CPU
		{AD929DFC-FD0A-4130-8FCE-6F5E22F5281D}.Debug|x86.ActiveCfg = Debug|Any CPU
		{AD929DFC-FD0A-4130-8FCE-6F5E22F5281D}.Debug|x86.Build.0 = Debug|Any CPU
		{AD929DFC-FD0A-4130-8FCE-6F5E22F5281D}.Release|Any CPU.ActiveCfg = Release|Any CPU
		{AD929DFC-FD0A-4130-8FCE-6F5E22F5281D}.Release|Any CPU.Build.0 = Release|Any CPU
		{AD929DFC-FD0A-4130-8FCE-6F5E22F5281D}.Release|x64.ActiveCfg = Release|Any CPU
		{AD929DFC-FD0A-4130-8FCE-6F5E22F5281D}.Release|x64.Build.0 = Release|Any CPU
		{AD929DFC-FD0A-4130-8FCE-6F5E22F5281D}.Release|x86.ActiveCfg = Release|Any CPU
		{AD929DFC-FD0A-4130-8FCE-6F5E22F5281D}.Release|x86.Build.0 = Release|Any CPU
		{9938F5A6-6660-42D1-B337-5699FC32BC64}.Debug|Any CPU.ActiveCfg = Debug|Any CPU
		{9938F5A6-6660-42D1-B337-5699FC32BC64}.Debug|Any CPU.Build.0 = Debug|Any CPU
		{9938F5A6-6660-42D1-B337-5699FC32BC64}.Debug|x64.ActiveCfg = Debug|Any CPU
		{9938F5A6-6660-42D1-B337-5699FC32BC64}.Debug|x64.Build.0 = Debug|Any CPU
		{9938F5A6-6660-42D1-B337-5699FC32BC64}.Debug|x86.ActiveCfg = Debug|Any CPU
		{9938F5A6-6660-42D1-B337-5699FC32BC64}.Debug|x86.Build.0 = Debug|Any CPU
		{9938F5A6-6660-42D1-B337-5699FC32BC64}.Release|Any CPU.ActiveCfg = Release|Any CPU
		{9938F5A6-6660-42D1-B337-5699FC32BC64}.Release|Any CPU.Build.0 = Release|Any CPU
		{9938F5A6-6660-42D1-B337-5699FC32BC64}.Release|x64.ActiveCfg = Release|Any CPU
		{9938F5A6-6660-42D1-B337-5699FC32BC64}.Release|x64.Build.0 = Release|Any CPU
		{9938F5A6-6660-42D1-B337-5699FC32BC64}.Release|x86.ActiveCfg = Release|Any CPU
		{9938F5A6-6660-42D1-B337-5699FC32BC64}.Release|x86.Build.0 = Release|Any CPU
		{2CCC9061-4CCF-445B-96AB-5D830C5A5E4D}.Debug|Any CPU.ActiveCfg = Debug|Any CPU
		{2CCC9061-4CCF-445B-96AB-5D830C5A5E4D}.Debug|Any CPU.Build.0 = Debug|Any CPU
		{2CCC9061-4CCF-445B-96AB-5D830C5A5E4D}.Debug|x64.ActiveCfg = Debug|Any CPU
		{2CCC9061-4CCF-445B-96AB-5D830C5A5E4D}.Debug|x64.Build.0 = Debug|Any CPU
		{2CCC9061-4CCF-445B-96AB-5D830C5A5E4D}.Debug|x86.ActiveCfg = Debug|Any CPU
		{2CCC9061-4CCF-445B-96AB-5D830C5A5E4D}.Debug|x86.Build.0 = Debug|Any CPU
		{2CCC9061-4CCF-445B-96AB-5D830C5A5E4D}.Release|Any CPU.ActiveCfg = Release|Any CPU
		{2CCC9061-4CCF-445B-96AB-5D830C5A5E4D}.Release|Any CPU.Build.0 = Release|Any CPU
		{2CCC9061-4CCF-445B-96AB-5D830C5A5E4D}.Release|x64.ActiveCfg = Release|Any CPU
		{2CCC9061-4CCF-445B-96AB-5D830C5A5E4D}.Release|x64.Build.0 = Release|Any CPU
		{2CCC9061-4CCF-445B-96AB-5D830C5A5E4D}.Release|x86.ActiveCfg = Release|Any CPU
		{2CCC9061-4CCF-445B-96AB-5D830C5A5E4D}.Release|x86.Build.0 = Release|Any CPU
	EndGlobalSection
	GlobalSection(SolutionProperties) = preSolution
		HideSolutionNode = FALSE
	EndGlobalSection
	GlobalSection(ExtensibilityGlobals) = postSolution
		SolutionGuid = {D0125661-CDF0-4CE6-958A-41CD094B9E72}
	EndGlobalSection
EndGlobal
